
Microsoft Visual Studio Solution File, Format Version 12.00
# Visual Studio Version 16
VisualStudioVersion = 16.0.29709.97
MinimumVisualStudioVersion = 10.0.40219.1
Project("{FAE04EC0-301F-11D3-BF4B-00C04F79EFBC}") = "TokenBaseAPI", "TokenBaseAPI\TokenBaseAPI.csproj", "{9A9D6A41-ADE6-4341-BFB5-67DB338FC860}"
EndProject
Project("{FAE04EC0-301F-11D3-BF4B-00C04F79EFBC}") = "TokenBaseAPICustom", "TokenBaseAPICustom\TokenBaseAPICustom.csproj", "{0D9916B5-9010-4B1B-8D8A-ADD1270A52A7}"
EndProject
Project("{2150E333-8FDC-42A3-9474-1A3956D46DE8}") = "Data", "Data", "{51835B3E-A166-4BD8-BA82-2C5EF6C6373C}"
	ProjectSection(SolutionItems) = preProject
		C:\Users\ronip\Desktop\DemoDB.sql = C:\Users\ronip\Desktop\DemoDB.sql
		TokenBaseAPI\Controllers\Link.text = TokenBaseAPI\Controllers\Link.text
	EndProjectSection
EndProject
Global
	GlobalSection(SolutionConfigurationPlatforms) = preSolution
		Debug|Any CPU = Debug|Any CPU
		Release|Any CPU = Release|Any CPU
	EndGlobalSection
	GlobalSection(ProjectConfigurationPlatforms) = postSolution
		{9A9D6A41-ADE6-4341-BFB5-67DB338FC860}.Debug|Any CPU.ActiveCfg = Debug|Any CPU
		{9A9D6A41-ADE6-4341-BFB5-67DB338FC860}.Debug|Any CPU.Build.0 = Debug|Any CPU
		{9A9D6A41-ADE6-4341-BFB5-67DB338FC860}.Release|Any CPU.ActiveCfg = Release|Any CPU
		{9A9D6A41-ADE6-4341-BFB5-67DB338FC860}.Release|Any CPU.Build.0 = Release|Any CPU
		{0D9916B5-9010-4B1B-8D8A-ADD1270A52A7}.Debug|Any CPU.ActiveCfg = Debug|Any CPU
		{0D9916B5-9010-4B1B-8D8A-ADD1270A52A7}.Debug|Any CPU.Build.0 = Debug|Any CPU
		{0D9916B5-9010-4B1B-8D8A-ADD1270A52A7}.Release|Any CPU.ActiveCfg = Release|Any CPU
		{0D9916B5-9010-4B1B-8D8A-ADD1270A52A7}.Release|Any CPU.Build.0 = Release|Any CPU
	EndGlobalSection
	GlobalSection(SolutionProperties) = preSolution
		HideSolutionNode = FALSE
	EndGlobalSection
	GlobalSection(ExtensibilityGlobals) = postSolution
		SolutionGuid = {82F68A32-3232-4188-A810-B1184DDBA4CA}
	EndGlobalSection
EndGlobal
